
Microsoft Visual Studio Solution File, Format Version 12.00
# Visual Studio Version 16
VisualStudioVersion = 16.0.31005.135
MinimumVisualStudioVersion = 10.0.40219.1
Project("{FAE04EC0-301F-11D3-BF4B-00C04F79EFBC}") = "App4.Android", "App4\App4.Android\App4.Android.csproj", "{63EF0B84-441C-4AA1-9845-CF9150CC90EA}"
EndProject
Project("{FAE04EC0-301F-11D3-BF4B-00C04F79EFBC}") = "App4.iOS", "App4\App4.iOS\App4.iOS.csproj", "{490B7C4A-1C73-4705-8F49-AC9A050C9476}"
EndProject
Project("{FAE04EC0-301F-11D3-BF4B-00C04F79EFBC}") = "App4", "App4\App4\App4.csproj", "{E3D24396-5D3E-48F1-82E8-928348B2F92C}"
EndProject
Global
	GlobalSection(SolutionConfigurationPlatforms) = preSolution
		Debug|Any CPU = Debug|Any CPU
		Debug|iPhone = Debug|iPhone
		Debug|iPhoneSimulator = Debug|iPhoneSimulator
		Release|Any CPU = Release|Any CPU
		Release|iPhone = Release|iPhone
		Release|iPhoneSimulator = Release|iPhoneSimulator
	EndGlobalSection
	GlobalSection(ProjectConfigurationPlatforms) = postSolution
		{63EF0B84-441C-4AA1-9845-CF9150CC90EA}.Debug|Any CPU.ActiveCfg = Debug|Any CPU
		{63EF0B84-441C-4AA1-9845-CF9150CC90EA}.Debug|Any CPU.Build.0 = Debug|Any CPU
		{63EF0B84-441C-4AA1-9845-CF9150CC90EA}.Debug|Any CPU.Deploy.0 = Debug|Any CPU
		{63EF0B84-441C-4AA1-9845-CF9150CC90EA}.Debug|iPhone.ActiveCfg = Debug|Any CPU
		{63EF0B84-441C-4AA1-9845-CF9150CC90EA}.Debug|iPhone.Build.0 = Debug|Any CPU
		{63EF0B84-441C-4AA1-9845-CF9150CC90EA}.Debug|iPhone.Deploy.0 = Debug|Any CPU
		{63EF0B84-441C-4AA1-9845-CF9150CC90EA}.Debug|iPhoneSimulator.ActiveCfg = Debug|Any CPU
		{63EF0B84-441C-4AA1-9845-CF9150CC90EA}.Debug|iPhoneSimulator.Build.0 = Debug|Any CPU
		{63EF0B84-441C-4AA1-9845-CF9150CC90EA}.Debug|iPhoneSimulator.Deploy.0 = Debug|Any CPU
		{63EF0B84-441C-4AA1-9845-CF9150CC90EA}.Release|Any CPU.ActiveCfg = Release|Any CPU
		{63EF0B84-441C-4AA1-9845-CF9150CC90EA}.Release|Any CPU.Build.0 = Release|Any CPU
		{63EF0B84-441C-4AA1-9845-CF9150CC90EA}.Release|Any CPU.Deploy.0 = Release|Any CPU
		{63EF0B84-441C-4AA1-9845-CF9150CC90EA}.Release|iPhone.ActiveCfg = Release|Any CPU
		{63EF0B84-441C-4AA1-9845-CF9150CC90EA}.Release|iPhone.Build.0 = Release|Any CPU
		{63EF0B84-441C-4AA1-9845-CF9150CC90EA}.Release|iPhone.Deploy.0 = Release|Any CPU
		{63EF0B84-441C-4AA1-9845-CF9150CC90EA}.Release|iPhoneSimulator.ActiveCfg = Release|Any CPU
		{63EF0B84-441C-4AA1-9845-CF9150CC90EA}.Release|iPhoneSimulator.Build.0 = Release|Any CPU
		{63EF0B84-441C-4AA1-9845-CF9150CC90EA}.Release|iPhoneSimulator.Deploy.0 = Release|Any CPU
		{490B7C4A-1C73-4705-8F49-AC9A050C9476}.Debug|Any CPU.ActiveCfg = Debug|iPhone
		{490B7C4A-1C73-4705-8F49-AC9A050C9476}.Debug|Any CPU.Build.0 = Debug|iPhone
		{490B7C4A-1C73-4705-8F49-AC9A050C9476}.Debug|Any CPU.Deploy.0 = Debug|iPhone
		{490B7C4A-1C73-4705-8F49-AC9A050C9476}.Debug|iPhone.ActiveCfg = Debug|iPhone
		{490B7C4A-1C73-4705-8F49-AC9A050C9476}.Debug|iPhone.Build.0 = Debug|iPhone
		{490B7C4A-1C73-4705-8F49-AC9A050C9476}.Debug|iPhone.Deploy.0 = Debug|iPhone
		{490B7C4A-1C73-4705-8F49-AC9A050C9476}.Debug|iPhoneSimulator.ActiveCfg = Debug|iPhoneSimulator
		{490B7C4A-1C73-4705-8F49-AC9A050C9476}.Debug|iPhoneSimulator.Build.0 = Debug|iPhoneSimulator
		{490B7C4A-1C73-4705-8F49-AC9A050C9476}.Debug|iPhoneSimulator.Deploy.0 = Debug|iPhoneSimulator
		{490B7C4A-1C73-4705-8F49-AC9A050C9476}.Release|Any CPU.ActiveCfg = Release|iPhoneSimulator
		{490B7C4A-1C73-4705-8F49-AC9A050C9476}.Release|Any CPU.Build.0 = Release|iPhoneSimulator
		{490B7C4A-1C73-4705-8F49-AC9A050C9476}.Release|Any CPU.Deploy.0 = Release|iPhoneSimulator
		{490B7C4A-1C73-4705-8F49-AC9A050C9476}.Release|iPhone.ActiveCfg = Release|iPhone
		{490B7C4A-1C73-4705-8F49-AC9A050C9476}.Release|iPhone.Build.0 = Release|iPhone
		{490B7C4A-1C73-4705-8F49-AC9A050C9476}.Release|iPhone.Deploy.0 = Release|iPhone
		{490B7C4A-1C73-4705-8F49-AC9A050C9476}.Release|iPhoneSimulator.ActiveCfg = Release|iPhoneSimulator
		{490B7C4A-1C73-4705-8F49-AC9A050C9476}.Release|iPhoneSimulator.Build.0 = Release|iPhoneSimulator
		{490B7C4A-1C73-4705-8F49-AC9A050C9476}.Release|iPhoneSimulator.Deploy.0 = Release|iPhoneSimulator
		{E3D24396-5D3E-48F1-82E8-928348B2F92C}.Debug|Any CPU.ActiveCfg = Debug|Any CPU
		{E3D24396-5D3E-48F1-82E8-928348B2F92C}.Debug|Any CPU.Build.0 = Debug|Any CPU
		{E3D24396-5D3E-48F1-82E8-928348B2F92C}.Debug|Any CPU.Deploy.0 = Debug|Any CPU
		{E3D24396-5D3E-48F1-82E8-928348B2F92C}.Debug|iPhone.ActiveCfg = Debug|Any CPU
		{E3D24396-5D3E-48F1-82E8-928348B2F92C}.Debug|iPhone.Build.0 = Debug|Any CPU
		{E3D24396-5D3E-48F1-82E8-928348B2F92C}.Debug|iPhone.Deploy.0 = Debug|Any CPU
		{E3D24396-5D3E-48F1-82E8-928348B2F92C}.Debug|iPhoneSimulator.ActiveCfg = Debug|Any CPU
		{E3D24396-5D3E-48F1-82E8-928348B2F92C}.Debug|iPhoneSimulator.Build.0 = Debug|Any CPU
		{E3D24396-5D3E-48F1-82E8-928348B2F92C}.Debug|iPhoneSimulator.Deploy.0 = Debug|Any CPU
		{E3D24396-5D3E-48F1-82E8-928348B2F92C}.Release|Any CPU.ActiveCfg = Release|Any CPU
		{E3D24396-5D3E-48F1-82E8-928348B2F92C}.Release|Any CPU.Build.0 = Release|Any CPU
		{E3D24396-5D3E-48F1-82E8-928348B2F92C}.Release|Any CPU.Deploy.0 = Release|Any CPU
		{E3D24396-5D3E-48F1-82E8-928348B2F92C}.Release|iPhone.ActiveCfg = Release|Any CPU
		{E3D24396-5D3E-48F1-82E8-928348B2F92C}.Release|iPhone.Build.0 = Release|Any CPU
		{E3D24396-5D3E-48F1-82E8-928348B2F92C}.Release|iPhone.Deploy.0 = Release|Any CPU
		{E3D24396-5D3E-48F1-82E8-928348B2F92C}.Release|iPhoneSimulator.ActiveCfg = Release|Any CPU
		{E3D24396-5D3E-48F1-82E8-928348B2F92C}.Release|iPhoneSimulator.Build.0 = Release|Any CPU
		{E3D24396-5D3E-48F1-82E8-928348B2F92C}.Release|iPhoneSimulator.Deploy.0 = Release|Any CPU
	EndGlobalSection
	GlobalSection(SolutionProperties) = preSolution
		HideSolutionNode = FALSE
	EndGlobalSection
	GlobalSection(ExtensibilityGlobals) = postSolution
		SolutionGuid = {2A94BDF3-632C-45BE-B406-7220A849A3F7}
	EndGlobalSection
EndGlobal
